// !$*UTF8*$!
{
	archiveVersion = 1;
	classes = {
	};
	objectVersion = 46;
	objects = {

/* Begin PBXBuildFile section */
		3E0811D41CD20F8C001581D3 /* AppDelegate.swift in Sources */ = {isa = PBXBuildFile; fileRef = 3E0811D31CD20F8C001581D3 /* AppDelegate.swift */; };
		3E0811D61CD20F8C001581D3 /* ViewController.swift in Sources */ = {isa = PBXBuildFile; fileRef = 3E0811D51CD20F8C001581D3 /* ViewController.swift */; };
		3E0811D91CD20F8C001581D3 /* Main.storyboard in Resources */ = {isa = PBXBuildFile; fileRef = 3E0811D71CD20F8C001581D3 /* Main.storyboard */; };
		3E0811DB1CD20F8C001581D3 /* Assets.xcassets in Resources */ = {isa = PBXBuildFile; fileRef = 3E0811DA1CD20F8C001581D3 /* Assets.xcassets */; };
		3E0811DE1CD20F8C001581D3 /* LaunchScreen.storyboard in Resources */ = {isa = PBXBuildFile; fileRef = 3E0811DC1CD20F8C001581D3 /* LaunchScreen.storyboard */; };
		3E0811EA1CD20FC8001581D3 /* FilteredVideoWriter.swift in Sources */ = {isa = PBXBuildFile; fileRef = 3E0811E61CD20FC8001581D3 /* FilteredVideoWriter.swift */; };
		3E0811EB1CD20FC8001581D3 /* FilteredVideoVendor.swift in Sources */ = {isa = PBXBuildFile; fileRef = 3E0811E71CD20FC8001581D3 /* FilteredVideoVendor.swift */; };
		3E0811EC1CD20FC8001581D3 /* VideoEffectsControlPanel.swift in Sources */ = {isa = PBXBuildFile; fileRef = 3E0811E81CD20FC8001581D3 /* VideoEffectsControlPanel.swift */; };
		3E0811ED1CD20FC8001581D3 /* VideoEffectsView.swift in Sources */ = {isa = PBXBuildFile; fileRef = 3E0811E91CD20FC8001581D3 /* VideoEffectsView.swift */; };
/* End PBXBuildFile section */

/* Begin PBXFileReference section */
		3E0811D01CD20F8C001581D3 /* VideoEffects.app */ = {isa = PBXFileReference; explicitFileType = wrapper.application; includeInIndex = 0; path = VideoEffects.app; sourceTree = BUILT_PRODUCTS_DIR; };
		3E0811D31CD20F8C001581D3 /* AppDelegate.swift */ = {isa = PBXFileReference; lastKnownFileType = sourcecode.swift; path = AppDelegate.swift; sourceTree = "<group>"; };
		3E0811D51CD20F8C001581D3 /* ViewController.swift */ = {isa = PBXFileReference; lastKnownFileType = sourcecode.swift; path = ViewController.swift; sourceTree = "<group>"; };
		3E0811D81CD20F8C001581D3 /* Base */ = {isa = PBXFileReference; lastKnownFileType = file.storyboard; name = Base; path = Base.lproj/Main.storyboard; sourceTree = "<group>"; };
		3E0811DA1CD20F8C001581D3 /* Assets.xcassets */ = {isa = PBXFileReference; lastKnownFileType = folder.assetcatalog; path = Assets.xcassets; sourceTree = "<group>"; };
		3E0811DD1CD20F8C001581D3 /* Base */ = {isa = PBXFileReference; lastKnownFileType = file.storyboard; name = Base; path = Base.lproj/LaunchScreen.storyboard; sourceTree = "<group>"; };
		3E0811DF1CD20F8C001581D3 /* Info.plist */ = {isa = PBXFileReference; lastKnownFileType = text.plist.xml; path = Info.plist; sourceTree = "<group>"; };
		3E0811E61CD20FC8001581D3 /* FilteredVideoWriter.swift */ = {isa = PBXFileReference; fileEncoding = 4; lastKnownFileType = sourcecode.swift; path = FilteredVideoWriter.swift; sourceTree = "<group>"; };
		3E0811E71CD20FC8001581D3 /* FilteredVideoVendor.swift */ = {isa = PBXFileReference; fileEncoding = 4; lastKnownFileType = sourcecode.swift; path = FilteredVideoVendor.swift; sourceTree = "<group>"; };
		3E0811E81CD20FC8001581D3 /* VideoEffectsControlPanel.swift */ = {isa = PBXFileReference; fileEncoding = 4; lastKnownFileType = sourcecode.swift; path = VideoEffectsControlPanel.swift; sourceTree = "<group>"; };
		3E0811E91CD20FC8001581D3 /* VideoEffectsView.swift */ = {isa = PBXFileReference; fileEncoding = 4; lastKnownFileType = sourcecode.swift; path = VideoEffectsView.swift; sourceTree = "<group>"; };
		469FC15124ADD017006B73C8 /* VideoEffects.entitlements */ = {isa = PBXFileReference; lastKnownFileType = text.plist.entitlements; path = VideoEffects.entitlements; sourceTree = "<group>"; };
/* End PBXFileReference section */

/* Begin PBXFrameworksBuildPhase section */
		3E0811CD1CD20F8C001581D3 /* Frameworks */ = {
			isa = PBXFrameworksBuildPhase;
			buildActionMask = 2147483647;
			files = (
			);
			runOnlyForDeploymentPostprocessing = 0;
		};
/* End PBXFrameworksBuildPhase section */

/* Begin PBXGroup section */
		3E0811C71CD20F8C001581D3 = {
			isa = PBXGroup;
			children = (
				3E0811D21CD20F8C001581D3 /* VideoEffects */,
				3E0811D11CD20F8C001581D3 /* Products */,
			);
			sourceTree = "<group>";
		};
		3E0811D11CD20F8C001581D3 /* Products */ = {
			isa = PBXGroup;
			children = (
				3E0811D01CD20F8C001581D3 /* VideoEffects.app */,
			);
			name = Products;
			sourceTree = "<group>";
		};
		3E0811D21CD20F8C001581D3 /* VideoEffects */ = {
			isa = PBXGroup;
			children = (
				469FC15124ADD017006B73C8 /* VideoEffects.entitlements */,
				3E0811E51CD20F9C001581D3 /* videoEffects */,
				3E0811D31CD20F8C001581D3 /* AppDelegate.swift */,
				3E0811D51CD20F8C001581D3 /* ViewController.swift */,
				3E0811D71CD20F8C001581D3 /* Main.storyboard */,
				3E0811DA1CD20F8C001581D3 /* Assets.xcassets */,
				3E0811DC1CD20F8C001581D3 /* LaunchScreen.storyboard */,
				3E0811DF1CD20F8C001581D3 /* Info.plist */,
			);
			path = VideoEffects;
			sourceTree = "<group>";
		};
		3E0811E51CD20F9C001581D3 /* videoEffects */ = {
			isa = PBXGroup;
			children = (
				3E0811E61CD20FC8001581D3 /* FilteredVideoWriter.swift */,
				3E0811E71CD20FC8001581D3 /* FilteredVideoVendor.swift */,
				3E0811E81CD20FC8001581D3 /* VideoEffectsControlPanel.swift */,
				3E0811E91CD20FC8001581D3 /* VideoEffectsView.swift */,
			);
			name = videoEffects;
			sourceTree = "<group>";
		};
/* End PBXGroup section */

/* Begin PBXNativeTarget section */
		3E0811CF1CD20F8C001581D3 /* VideoEffects */ = {
			isa = PBXNativeTarget;
			buildConfigurationList = 3E0811E21CD20F8C001581D3 /* Build configuration list for PBXNativeTarget "VideoEffects" */;
			buildPhases = (
				3E0811CC1CD20F8C001581D3 /* Sources */,
				3E0811CD1CD20F8C001581D3 /* Frameworks */,
				3E0811CE1CD20F8C001581D3 /* Resources */,
			);
			buildRules = (
			);
			dependencies = (
			);
			name = VideoEffects;
			productName = VideoEffects;
			productReference = 3E0811D01CD20F8C001581D3 /* VideoEffects.app */;
			productType = "com.apple.product-type.application";
		};
/* End PBXNativeTarget section */

/* Begin PBXProject section */
		3E0811C81CD20F8C001581D3 /* Project object */ = {
			isa = PBXProject;
			attributes = {
				LastSwiftUpdateCheck = 0730;
				LastUpgradeCheck = 1150;
				ORGANIZATIONNAME = "Simon Gladman";
				TargetAttributes = {
					3E0811CF1CD20F8C001581D3 = {
						CreatedOnToolsVersion = 7.3;
						DevelopmentTeam = P3SL8HVN4S;
					};
				};
			};
			buildConfigurationList = 3E0811CB1CD20F8C001581D3 /* Build configuration list for PBXProject "VideoEffects" */;
			compatibilityVersion = "Xcode 3.2";
			developmentRegion = en;
			hasScannedForEncodings = 0;
			knownRegions = (
				en,
				Base,
			);
			mainGroup = 3E0811C71CD20F8C001581D3;
			productRefGroup = 3E0811D11CD20F8C001581D3 /* Products */;
			projectDirPath = "";
			projectRoot = "";
			targets = (
				3E0811CF1CD20F8C001581D3 /* VideoEffects */,
			);
		};
/* End PBXProject section */

/* Begin PBXResourcesBuildPhase section */
		3E0811CE1CD20F8C001581D3 /* Resources */ = {
			isa = PBXResourcesBuildPhase;
			buildActionMask = 2147483647;
			files = (
				3E0811DE1CD20F8C001581D3 /* LaunchScreen.storyboard in Resources */,
				3E0811DB1CD20F8C001581D3 /* Assets.xcassets in Resources */,
				3E0811D91CD20F8C001581D3 /* Main.storyboard in Resources */,
			);
			runOnlyForDeploymentPostprocessing = 0;
		};
/* End PBXResourcesBuildPhase section */

/* Begin PBXSourcesBuildPhase section */
		3E0811CC1CD20F8C001581D3 /* Sources */ = {
			isa = PBXSourcesBuildPhase;
			buildActionMask = 2147483647;
			files = (
				3E0811EB1CD20FC8001581D3 /* FilteredVideoVendor.swift in Sources */,
				3E0811D61CD20F8C001581D3 /* ViewController.swift in Sources */,
				3E0811D41CD20F8C001581D3 /* AppDelegate.swift in Sources */,
				3E0811ED1CD20FC8001581D3 /* VideoEffectsView.swift in Sources */,
				3E0811EC1CD20FC8001581D3 /* VideoEffectsControlPanel.swift in Sources */,
				3E0811EA1CD20FC8001581D3 /* FilteredVideoWriter.swift in Sources */,
			);
			runOnlyForDeploymentPostprocessing = 0;
		};
/* End PBXSourcesBuildPhase section */

/* Begin PBXVariantGroup section */
		3E0811D71CD20F8C001581D3 /* Main.storyboard */ = {
			isa = PBXVariantGroup;
			children = (
				3E0811D81CD20F8C001581D3 /* Base */,
			);
			name = Main.storyboard;
			sourceTree = "<group>";
		};
		3E0811DC1CD20F8C001581D3 /* LaunchScreen.storyboard */ = {
			isa = PBXVariantGroup;
			children = (
				3E0811DD1CD20F8C001581D3 /* Base */,
			);
			name = LaunchScreen.storyboard;
			sourceTree = "<group>";
		};
/* End PBXVariantGroup section */

/* Begin XCBuildConfiguration section */
		3E0811E01CD20F8C001581D3 /* Debug */ = {
			isa = XCBuildConfiguration;
			buildSettings = {
				ALWAYS_SEARCH_USER_PATHS = NO;
				CLANG_ANALYZER_LOCALIZABILITY_NONLOCALIZED = YES;
				CLANG_ANALYZER_NONNULL = YES;
				CLANG_CXX_LANGUAGE_STANDARD = "gnu++0x";
				CLANG_CXX_LIBRARY = "libc++";
				CLANG_ENABLE_MODULES = YES;
				CLANG_ENABLE_OBJC_ARC = YES;
				CLANG_WARN_BLOCK_CAPTURE_AUTORELEASING = YES;
				CLANG_WARN_BOOL_CONVERSION = YES;
				CLANG_WARN_COMMA = YES;
				CLANG_WARN_CONSTANT_CONVERSION = YES;
				CLANG_WARN_DEPRECATED_OBJC_IMPLEMENTATIONS = YES;
				CLANG_WARN_DIRECT_OBJC_ISA_USAGE = YES_ERROR;
				CLANG_WARN_EMPTY_BODY = YES;
				CLANG_WARN_ENUM_CONVERSION = YES;
				CLANG_WARN_INFINITE_RECURSION = YES;
				CLANG_WARN_INT_CONVERSION = YES;
				CLANG_WARN_NON_LITERAL_NULL_CONVERSION = YES;
				CLANG_WARN_OBJC_IMPLICIT_RETAIN_SELF = YES;
				CLANG_WARN_OBJC_LITERAL_CONVERSION = YES;
				CLANG_WARN_OBJC_ROOT_CLASS = YES_ERROR;
				CLANG_WARN_RANGE_LOOP_ANALYSIS = YES;
				CLANG_WARN_STRICT_PROTOTYPES = YES;
				CLANG_WARN_SUSPICIOUS_MOVE = YES;
				CLANG_WARN_UNREACHABLE_CODE = YES;
				CLANG_WARN__DUPLICATE_METHOD_MATCH = YES;
				"CODE_SIGN_IDENTITY[sdk=iphoneos*]" = "iPhone Developer";
				COPY_PHASE_STRIP = NO;
				DEBUG_INFORMATION_FORMAT = dwarf;
				ENABLE_STRICT_OBJC_MSGSEND = YES;
				ENABLE_TESTABILITY = YES;
				GCC_C_LANGUAGE_STANDARD = gnu99;
				GCC_DYNAMIC_NO_PIC = NO;
				GCC_NO_COMMON_BLOCKS = YES;
				GCC_OPTIMIZATION_LEVEL = 0;
				GCC_PREPROCESSOR_DEFINITIONS = (
					"DEBUG=1",
					"$(inherited)",
				);
				GCC_WARN_64_TO_32_BIT_CONVERSION = YES;
				GCC_WARN_ABOUT_RETURN_TYPE = YES_ERROR;
				GCC_WARN_UNDECLARED_SELECTOR = YES;
				GCC_WARN_UNINITIALIZED_AUTOS = YES_AGGRESSIVE;
				GCC_WARN_UNUSED_FUNCTION = YES;
				GCC_WARN_UNUSED_VARIABLE = YES;
				IPHONEOS_DEPLOYMENT_TARGET = 10.0;
				MTL_ENABLE_DEBUG_INFO = YES;
				ONLY_ACTIVE_ARCH = YES;
				SDKROOT = iphoneos;
				SWIFT_OPTIMIZATION_LEVEL = "-Onone";
				TARGETED_DEVICE_FAMILY = 2;
			};
			name = Debug;
		};
		3E0811E11CD20F8C001581D3 /* Release */ = {
			isa = XCBuildConfiguration;
			buildSettings = {
				ALWAYS_SEARCH_USER_PATHS = NO;
				CLANG_ANALYZER_LOCALIZABILITY_NONLOCALIZED = YES;
				CLANG_ANALYZER_NONNULL = YES;
				CLANG_CXX_LANGUAGE_STANDARD = "gnu++0x";
				CLANG_CXX_LIBRARY = "libc++";
				CLANG_ENABLE_MODULES = YES;
				CLANG_ENABLE_OBJC_ARC = YES;
				CLANG_WARN_BLOCK_CAPTURE_AUTORELEASING = YES;
				CLANG_WARN_BOOL_CONVERSION = YES;
				CLANG_WARN_COMMA = YES;
				CLANG_WARN_CONSTANT_CONVERSION = YES;
				CLANG_WARN_DEPRECATED_OBJC_IMPLEMENTATIONS = YES;
				CLANG_WARN_DIRECT_OBJC_ISA_USAGE = YES_ERROR;
				CLANG_WARN_EMPTY_BODY = YES;
				CLANG_WARN_ENUM_CONVERSION = YES;
				CLANG_WARN_INFINITE_RECURSION = YES;
				CLANG_WARN_INT_CONVERSION = YES;
				CLANG_WARN_NON_LITERAL_NULL_CONVERSION = YES;
				CLANG_WARN_OBJC_IMPLICIT_RETAIN_SELF = YES;
				CLANG_WARN_OBJC_LITERAL_CONVERSION = YES;
				CLANG_WARN_OBJC_ROOT_CLASS = YES_ERROR;
				CLANG_WARN_RANGE_LOOP_ANALYSIS = YES;
				CLANG_WARN_STRICT_PROTOTYPES = YES;
				CLANG_WARN_SUSPICIOUS_MOVE = YES;
				CLANG_WARN_UNREACHABLE_CODE = YES;
				CLANG_WARN__DUPLICATE_METHOD_MATCH = YES;
				"CODE_SIGN_IDENTITY[sdk=iphoneos*]" = "iPhone Developer";
				COPY_PHASE_STRIP = NO;
				DEBUG_INFORMATION_FORMAT = "dwarf-with-dsym";
				ENABLE_NS_ASSERTIONS = NO;
				ENABLE_STRICT_OBJC_MSGSEND = YES;
				GCC_C_LANGUAGE_STANDARD = gnu99;
				GCC_NO_COMMON_BLOCKS = YES;
				GCC_WARN_64_TO_32_BIT_CONVERSION = YES;
				GCC_WARN_ABOUT_RETURN_TYPE = YES_ERROR;
				GCC_WARN_UNDECLARED_SELECTOR = YES;
				GCC_WARN_UNINITIALIZED_AUTOS = YES_AGGRESSIVE;
				GCC_WARN_UNUSED_FUNCTION = YES;
				GCC_WARN_UNUSED_VARIABLE = YES;
				IPHONEOS_DEPLOYMENT_TARGET = 10.0;
				MTL_ENABLE_DEBUG_INFO = NO;
				SDKROOT = iphoneos;
				SWIFT_COMPILATION_MODE = wholemodule;
				TARGETED_DEVICE_FAMILY = 2;
				VALIDATE_PRODUCT = YES;
			};
			name = Release;
		};
		3E0811E31CD20F8C001581D3 /* Debug */ = {
			isa = XCBuildConfiguration;
			buildSettings = {
				ASSETCATALOG_COMPILER_APPICON_NAME = AppIcon;
				CODE_SIGN_ENTITLEMENTS = VideoEffects/VideoEffectsDebug.entitlements;
				DEVELOPMENT_TEAM = P3SL8HVN4S;
				"ENABLE_HARDENED_RUNTIME[sdk=macosx*]" = YES;
				INFOPLIST_FILE = VideoEffects/Info.plist;
				LD_RUNPATH_SEARCH_PATHS = "$(inherited) @executable_path/Frameworks";
				MARKETING_VERSION = 2.0;
				PRODUCT_BUNDLE_IDENTIFIER = uk.co.flexmonkey.VideoEffects;
				PRODUCT_NAME = "$(TARGET_NAME)";
				SUPPORTS_MACCATALYST = YES;
				SWIFT_VERSION = 5.0;
			};
			name = Debug;
		};
		3E0811E41CD20F8C001581D3 /* Release */ = {
			isa = XCBuildConfiguration;
			buildSettings = {
				ASSETCATALOG_COMPILER_APPICON_NAME = AppIcon;
				CODE_SIGN_ENTITLEMENTS = VideoEffects/VideoEffects.entitlements;
				"ENABLE_HARDENED_RUNTIME[sdk=macosx*]" = YES;
				INFOPLIST_FILE = VideoEffects/Info.plist;
				LD_RUNPATH_SEARCH_PATHS = "$(inherited) @executable_path/Frameworks";
				MARKETING_VERSION = 2.0;
				PRODUCT_BUNDLE_IDENTIFIER = uk.co.flexmonkey.VideoEffects;
				PRODUCT_NAME = "$(TARGET_NAME)";
				SUPPORTS_MACCATALYST = YES;
				SWIFT_VERSION = 5.0;
			};
			name = Release;
		};
/* End XCBuildConfiguration section */

/* Begin XCConfigurationList section */
		3E0811CB1CD20F8C001581D3 /* Build configuration list for PBXProject "VideoEffects" */ = {
			isa = XCConfigurationList;
			buildConfigurations = (
				3E0811E01CD20F8C001581D3 /* Debug */,
				3E0811E11CD20F8C001581D3 /* Release */,
			);
			defaultConfigurationIsVisible = 0;
			defaultConfigurationName = Release;
		};
		3E0811E21CD20F8C001581D3 /* Build configuration list for PBXNativeTarget "VideoEffects" */ = {
			isa = XCConfigurationList;
			buildConfigurations = (
				3E0811E31CD20F8C001581D3 /* Debug */,
				3E0811E41CD20F8C001581D3 /* Release */,
			);
			defaultConfigurationIsVisible = 0;
			defaultConfigurationName = Release;
		};
/* End XCConfigurationList section */
	};
	rootObject = 3E0811C81CD20F8C001581D3 /* Project object */;
}
